{
  "version": 4,
  "terraform_version": "0.14.4",
  "serial": 3,
  "lineage": "9c72731a-f84b-c174-a591-1d43be288649",
  "outputs": {},
  "resources": [
    {
      "module": "module.networking",
      "mode": "managed",
      "type": "aws_vpc",
      "name": "yap_vpc",
      "provider": "provider[\"registry.terraform.io/hashicorp/aws\"]",
      "instances": [
        {
          "schema_version": 1,
          "attributes": {
            "arn": "arn:aws:ec2:us-west-2:539846231067:vpc/vpc-0799f1269d2b89e91",
            "assign_generated_ipv6_cidr_block": false,
            "cidr_block": "10.0.0.0/16",
            "default_network_acl_id": "acl-02b7ce2d31ff5eddb",
            "default_route_table_id": "rtb-08cf5f9748ae56410",
            "default_security_group_id": "sg-0ab628d39bcf9544b",
            "dhcp_options_id": "dopt-f9c19e81",
            "enable_classiclink": false,
            "enable_classiclink_dns_support": false,
            "enable_dns_hostnames": true,
            "enable_dns_support": true,
            "id": "vpc-0799f1269d2b89e91",
            "instance_tenancy": "default",
            "ipv6_association_id": "",
            "ipv6_cidr_block": "",
            "main_route_table_id": "rtb-08cf5f9748ae56410",
            "owner_id": "539846231067",
            "tags": {
              "Name": "yap_vpc_1"
            },
            "tags_all": {
              "Name": "yap_vpc_1"
            }
          },
          "sensitive_attributes": [],
          "private": "eyJzY2hlbWFfdmVyc2lvbiI6IjEifQ==",
          "dependencies": [
            "module.networking.random_integer.random"
          ]
        }
      ]
    },
    {
      "module": "module.networking",
      "mode": "managed",
      "type": "random_integer",
      "name": "random",
      "provider": "provider[\"registry.terraform.io/hashicorp/random\"]",
      "instances": [
        {
          "schema_version": 0,
          "attributes": {
            "id": "1",
            "keepers": null,
            "max": 5,
            "min": 1,
            "result": 1,
            "seed": null
          },
          "sensitive_attributes": [],
          "private": "bnVsbA=="
        }
      ]
    }
  ]
}
